
Microsoft Visual Studio Solution File, Format Version 12.00
# Visual Studio 15
VisualStudioVersion = 15.0.28307.1300
MinimumVisualStudioVersion = 10.0.40219.1
Project("{FAE04EC0-301F-11D3-BF4B-00C04F79EFBC}") = "Ticari_Otomasyon", "Ticari_Otomasyon\Ticari_Otomasyon.csproj", "{0C9FD2EC-985A-436F-905D-30F370BDABCF}"
EndProject
Global
	GlobalSection(SolutionConfigurationPlatforms) = preSolution
		Debug|Any CPU = Debug|Any CPU
		Release|Any CPU = Release|Any CPU
	EndGlobalSection
	GlobalSection(ProjectConfigurationPlatforms) = postSolution
		{0C9FD2EC-985A-436F-905D-30F370BDABCF}.Debug|Any CPU.ActiveCfg = Debug|Any CPU
		{0C9FD2EC-985A-436F-905D-30F370BDABCF}.Debug|Any CPU.Build.0 = Debug|Any CPU
		{0C9FD2EC-985A-436F-905D-30F370BDABCF}.Release|Any CPU.ActiveCfg = Release|Any CPU
		{0C9FD2EC-985A-436F-905D-30F370BDABCF}.Release|Any CPU.Build.0 = Release|Any CPU
	EndGlobalSection
	GlobalSection(SolutionProperties) = preSolution
		HideSolutionNode = FALSE
	EndGlobalSection
	GlobalSection(ExtensibilityGlobals) = postSolution
		SolutionGuid = {A479FF6C-4333-407B-9979-9966687453F2}
	EndGlobalSection
EndGlobal
